
Microsoft Visual Studio Solution File, Format Version 12.00
# Visual Studio Version 17
VisualStudioVersion = 17.5.002.0
MinimumVisualStudioVersion = 10.0.40219.1
Project("{9A19103F-16F7-4668-BE54-9A1E7A4F7556}") = "ProjectName", "ProjectName\ProjectName.csproj", "{81A0C674-33E8-41B4-BD1F-BB2805030414}"
EndProject
Project("{2150E333-8FDC-42A3-9474-1A3956D46DE8}") = "ProjectName.Tests", "ProjectName.Tests", "{B88DB10D-6E9E-417D-A553-585499AC8FE5}"
EndProject
Project("{9A19103F-16F7-4668-BE54-9A1E7A4F7556}") = "ProjectName.Tests", "ProjectName.Tests\ModelTests\ProjectName.Tests.csproj", "{157ED6B1-87E2-46BA-B0D5-6908BAB5459C}"
EndProject
Global
	GlobalSection(SolutionConfigurationPlatforms) = preSolution
		Debug|Any CPU = Debug|Any CPU
		Release|Any CPU = Release|Any CPU
	EndGlobalSection
	GlobalSection(ProjectConfigurationPlatforms) = postSolution
		{81A0C674-33E8-41B4-BD1F-BB2805030414}.Debug|Any CPU.ActiveCfg = Debug|Any CPU
		{81A0C674-33E8-41B4-BD1F-BB2805030414}.Debug|Any CPU.Build.0 = Debug|Any CPU
		{81A0C674-33E8-41B4-BD1F-BB2805030414}.Release|Any CPU.ActiveCfg = Release|Any CPU
		{81A0C674-33E8-41B4-BD1F-BB2805030414}.Release|Any CPU.Build.0 = Release|Any CPU
		{157ED6B1-87E2-46BA-B0D5-6908BAB5459C}.Debug|Any CPU.ActiveCfg = Debug|Any CPU
		{157ED6B1-87E2-46BA-B0D5-6908BAB5459C}.Debug|Any CPU.Build.0 = Debug|Any CPU
		{157ED6B1-87E2-46BA-B0D5-6908BAB5459C}.Release|Any CPU.ActiveCfg = Release|Any CPU
		{157ED6B1-87E2-46BA-B0D5-6908BAB5459C}.Release|Any CPU.Build.0 = Release|Any CPU
	EndGlobalSection
	GlobalSection(SolutionProperties) = preSolution
		HideSolutionNode = FALSE
	EndGlobalSection
	GlobalSection(NestedProjects) = preSolution
		{157ED6B1-87E2-46BA-B0D5-6908BAB5459C} = {B88DB10D-6E9E-417D-A553-585499AC8FE5}
	EndGlobalSection
	GlobalSection(ExtensibilityGlobals) = postSolution
		SolutionGuid = {2D95BC47-1E24-47A6-B255-E67ABDAA12CB}
	EndGlobalSection
EndGlobal
